// !$*UTF8*$!
{
	archiveVersion = 1;
	classes = {
	};
	objectVersion = 50;
	objects = {

/* Begin PBXBuildFile section */
		01660BD32230D28100FD400A /* AppDelegate.swift in Sources */ = {isa = PBXBuildFile; fileRef = 01660BD22230D28100FD400A /* AppDelegate.swift */; };
		01660BD52230D28100FD400A /* ViewController.swift in Sources */ = {isa = PBXBuildFile; fileRef = 01660BD42230D28100FD400A /* ViewController.swift */; };
		01660BD82230D28100FD400A /* Main.storyboard in Resources */ = {isa = PBXBuildFile; fileRef = 01660BD62230D28100FD400A /* Main.storyboard */; };
		01660BDA2230D28200FD400A /* Assets.xcassets in Resources */ = {isa = PBXBuildFile; fileRef = 01660BD92230D28200FD400A /* Assets.xcassets */; };
		01660BDD2230D28200FD400A /* LaunchScreen.storyboard in Resources */ = {isa = PBXBuildFile; fileRef = 01660BDB2230D28200FD400A /* LaunchScreen.storyboard */; };
		01660BE82230D28200FD400A /* PandemicSolverTests.swift in Sources */ = {isa = PBXBuildFile; fileRef = 01660BE72230D28200FD400A /* PandemicSolverTests.swift */; };
		01660BF42230D47200FD400A /* Card.swift in Sources */ = {isa = PBXBuildFile; fileRef = 01660BF32230D47200FD400A /* Card.swift */; };
		01660BF62230D85200FD400A /* Decks.swift in Sources */ = {isa = PBXBuildFile; fileRef = 01660BF52230D85200FD400A /* Decks.swift */; };
		01660BF82230E00E00FD400A /* GameBoard.swift in Sources */ = {isa = PBXBuildFile; fileRef = 01660BF72230E00E00FD400A /* GameBoard.swift */; };
		4E45E73F226A3D8C009D79BA /* TrainterTest.swift in Sources */ = {isa = PBXBuildFile; fileRef = 4E45E73E226A3D8C009D79BA /* TrainterTest.swift */; };
		4EBD7D752258FB0500F0CFF0 /* UtilityFunction.swift in Sources */ = {isa = PBXBuildFile; fileRef = 4EBD7D742258FB0500F0CFF0 /* UtilityFunction.swift */; };
		4EBD7D772258FB3B00F0CFF0 /* WeightedUtilityFunction.swift in Sources */ = {isa = PBXBuildFile; fileRef = 4EBD7D762258FB3B00F0CFF0 /* WeightedUtilityFunction.swift */; };
		4EBD7D79225903CA00F0CFF0 /* Simulation.swift in Sources */ = {isa = PBXBuildFile; fileRef = 4EBD7D78225903CA00F0CFF0 /* Simulation.swift */; };
		4EBD7D7B2259166A00F0CFF0 /* SimulationsTests.swift in Sources */ = {isa = PBXBuildFile; fileRef = 4EBD7D7A2259166A00F0CFF0 /* SimulationsTests.swift */; };
		4EBD7D7F22592C5B00F0CFF0 /* Utility.swift in Sources */ = {isa = PBXBuildFile; fileRef = 4EBD7D7E22592C5B00F0CFF0 /* Utility.swift */; };
		ED0C03EE2252914B00B9C40C /* HandTests.swift in Sources */ = {isa = PBXBuildFile; fileRef = ED0C03ED2252914B00B9C40C /* HandTests.swift */; };
		ED0C03F22252BAF400B9C40C /* GameBoardTests.swift in Sources */ = {isa = PBXBuildFile; fileRef = ED0C03F12252BAF400B9C40C /* GameBoardTests.swift */; };
		ED15A33D225FDF58000E75E4 /* CurrentTurn.swift in Sources */ = {isa = PBXBuildFile; fileRef = ED15A33C225FDF58000E75E4 /* CurrentTurn.swift */; };
		ED15A33F225FE484000E75E4 /* CurrentPlayerTests.swift in Sources */ = {isa = PBXBuildFile; fileRef = ED15A33E225FE484000E75E4 /* CurrentPlayerTests.swift */; };
		ED15A34122612953000E75E4 /* GameState.swift in Sources */ = {isa = PBXBuildFile; fileRef = ED15A34022612953000E75E4 /* GameState.swift */; };
		ED20B25D226906200017512D /* BasicPlanner.swift in Sources */ = {isa = PBXBuildFile; fileRef = ED20B25A226906200017512D /* BasicPlanner.swift */; };
		ED20B25E226906200017512D /* Planner.swift in Sources */ = {isa = PBXBuildFile; fileRef = ED20B25B226906200017512D /* Planner.swift */; };
		ED20B25F226906200017512D /* PlanningSimulator.swift in Sources */ = {isa = PBXBuildFile; fileRef = ED20B25C226906200017512D /* PlanningSimulator.swift */; };
		ED20B263226907790017512D /* Trainer.swift in Sources */ = {isa = PBXBuildFile; fileRef = ED20B262226907790017512D /* Trainer.swift */; };
		ED20B265226918010017512D /* LocationSearchHelper.swift in Sources */ = {isa = PBXBuildFile; fileRef = ED20B264226918010017512D /* LocationSearchHelper.swift */; };
		ED20B26722691C540017512D /* LocationSearchHelperTests.swift in Sources */ = {isa = PBXBuildFile; fileRef = ED20B26622691C540017512D /* LocationSearchHelperTests.swift */; };
		ED3C827B224EEB1A006417FB /* DictionaryTests.swift in Sources */ = {isa = PBXBuildFile; fileRef = ED3C827A224EEB1A006417FB /* DictionaryTests.swift */; };
		ED3C827D224FAEF0006417FB /* BoardLocationTests.swift in Sources */ = {isa = PBXBuildFile; fileRef = ED3C827C224FAEF0006417FB /* BoardLocationTests.swift */; };
		ED3C827F224FBC1D006417FB /* BoardLocation.swift in Sources */ = {isa = PBXBuildFile; fileRef = ED3C827E224FBC1D006417FB /* BoardLocation.swift */; };
		ED3D6321224E883B00F51DCF /* TestCubeCount.swift in Sources */ = {isa = PBXBuildFile; fileRef = ED3D6320224E883B00F51DCF /* TestCubeCount.swift */; };
		ED51C89E2257E44C008C1E7D /* InfectionRate.swift in Sources */ = {isa = PBXBuildFile; fileRef = ED51C89D2257E44C008C1E7D /* InfectionRate.swift */; };
		ED51C8A02257E5A0008C1E7D /* InfectionRateTests.swift in Sources */ = {isa = PBXBuildFile; fileRef = ED51C89F2257E5A0008C1E7D /* InfectionRateTests.swift */; };
		ED602833226BE1D6001B8948 /* MonteCarloPlanner.swift in Sources */ = {isa = PBXBuildFile; fileRef = ED602832226BE1D5001B8948 /* MonteCarloPlanner.swift */; };
		ED85B4FF224E5F3C0046A03E /* Pawn.swift in Sources */ = {isa = PBXBuildFile; fileRef = ED85B4FE224E5F3C0046A03E /* Pawn.swift */; };
		ED9164F922543AAB0026AA6A /* DispatcherTransitionTests.swift in Sources */ = {isa = PBXBuildFile; fileRef = ED9164F822543AAB0026AA6A /* DispatcherTransitionTests.swift */; };
		ED9EC1DF224D41AF009D9BD9 /* Policy.swift in Sources */ = {isa = PBXBuildFile; fileRef = ED9EC1DE224D41AF009D9BD9 /* Policy.swift */; };
		ED9EC1E1224D5669009D9BD9 /* PartitionedDeckTests.swift in Sources */ = {isa = PBXBuildFile; fileRef = ED9EC1E0224D5669009D9BD9 /* PartitionedDeckTests.swift */; };
		ED9EC1E3224D9496009D9BD9 /* LocationGraph.swift in Sources */ = {isa = PBXBuildFile; fileRef = ED9EC1E2224D9496009D9BD9 /* LocationGraph.swift */; };
		ED9EC1E5224DBD65009D9BD9 /* LocationGraphTests.swift in Sources */ = {isa = PBXBuildFile; fileRef = ED9EC1E4224DBD65009D9BD9 /* LocationGraphTests.swift */; };
		ED9EE0A722583531007FB6CE /* RegularTransitionTests.swift in Sources */ = {isa = PBXBuildFile; fileRef = ED9EE0A622583531007FB6CE /* RegularTransitionTests.swift */; };
		ED9EE0A9225837CF007FB6CE /* Simulator.swift in Sources */ = {isa = PBXBuildFile; fileRef = ED9EE0A8225837CF007FB6CE /* Simulator.swift */; };
		ED9EE0AB22587093007FB6CE /* CardRelatedTransitionTesting.swift in Sources */ = {isa = PBXBuildFile; fileRef = ED9EE0AA22587093007FB6CE /* CardRelatedTransitionTesting.swift */; };
		EDA4934E22357C2100BF77BF /* Action.swift in Sources */ = {isa = PBXBuildFile; fileRef = EDA4934D22357C2100BF77BF /* Action.swift */; };
		EDAC5D972253245E008A0A2C /* GeneratingLegalMovesTessts.swift in Sources */ = {isa = PBXBuildFile; fileRef = EDAC5D962253245E008A0A2C /* GeneratingLegalMovesTessts.swift */; };
		EDEAF57F224C1A3E007C2CC6 /* GameStartHelper.swift in Sources */ = {isa = PBXBuildFile; fileRef = EDEAF57E224C1A3E007C2CC6 /* GameStartHelper.swift */; };
		EDEAF582224C1C5C007C2CC6 /* DictionaryExtension.swift in Sources */ = {isa = PBXBuildFile; fileRef = EDEAF581224C1C5C007C2CC6 /* DictionaryExtension.swift */; };
		EDEAF584224C250A007C2CC6 /* Diseases.swift in Sources */ = {isa = PBXBuildFile; fileRef = EDEAF583224C250A007C2CC6 /* Diseases.swift */; };
		EDEAF586224C5AAB007C2CC6 /* CubeDistribution.swift in Sources */ = {isa = PBXBuildFile; fileRef = EDEAF585224C5AAB007C2CC6 /* CubeDistribution.swift */; };
		EDEAF588224C5AD9007C2CC6 /* CubeDistributionTests.swift in Sources */ = {isa = PBXBuildFile; fileRef = EDEAF587224C5AD9007C2CC6 /* CubeDistributionTests.swift */; };
		EDEAF58E224C6630007C2CC6 /* City.swift in Sources */ = {isa = PBXBuildFile; fileRef = EDEAF58D224C6630007C2CC6 /* City.swift */; };
		EDEAF590224C665F007C2CC6 /* CityTest.swift in Sources */ = {isa = PBXBuildFile; fileRef = EDEAF58F224C665F007C2CC6 /* CityTest.swift */; };
		EDEAF592224C671F007C2CC6 /* Disease.swift in Sources */ = {isa = PBXBuildFile; fileRef = EDEAF591224C671F007C2CC6 /* Disease.swift */; };
		EDEAF594224C6758007C2CC6 /* Hand.swift in Sources */ = {isa = PBXBuildFile; fileRef = EDEAF593224C6758007C2CC6 /* Hand.swift */; };
		EDEAF596224C6A6B007C2CC6 /* MutableCollectionExtensio.swift in Sources */ = {isa = PBXBuildFile; fileRef = EDEAF595224C6A6B007C2CC6 /* MutableCollectionExtensio.swift */; };
		EDEAF598224C7F7F007C2CC6 /* DeckTests.swift in Sources */ = {isa = PBXBuildFile; fileRef = EDEAF597224C7F7F007C2CC6 /* DeckTests.swift */; };
		EDEAF59A224C8097007C2CC6 /* CardTests.swift in Sources */ = {isa = PBXBuildFile; fileRef = EDEAF599224C8097007C2CC6 /* CardTests.swift */; };
/* End PBXBuildFile section */

/* Begin PBXContainerItemProxy section */
		01660BE42230D28200FD400A /* PBXContainerItemProxy */ = {
			isa = PBXContainerItemProxy;
			containerPortal = 01660BC72230D28100FD400A /* Project object */;
			proxyType = 1;
			remoteGlobalIDString = 01660BCE2230D28100FD400A;
			remoteInfo = PandemicSolver;
		};
/* End PBXContainerItemProxy section */

/* Begin PBXFileReference section */
		01660BCF2230D28100FD400A /* PandemicSolver.app */ = {isa = PBXFileReference; explicitFileType = wrapper.application; includeInIndex = 0; path = PandemicSolver.app; sourceTree = BUILT_PRODUCTS_DIR; };
		01660BD22230D28100FD400A /* AppDelegate.swift */ = {isa = PBXFileReference; lastKnownFileType = sourcecode.swift; path = AppDelegate.swift; sourceTree = "<group>"; };
		01660BD42230D28100FD400A /* ViewController.swift */ = {isa = PBXFileReference; lastKnownFileType = sourcecode.swift; path = ViewController.swift; sourceTree = "<group>"; };
		01660BD72230D28100FD400A /* Base */ = {isa = PBXFileReference; lastKnownFileType = file.storyboard; name = Base; path = Base.lproj/Main.storyboard; sourceTree = "<group>"; };
		01660BD92230D28200FD400A /* Assets.xcassets */ = {isa = PBXFileReference; lastKnownFileType = folder.assetcatalog; path = Assets.xcassets; sourceTree = "<group>"; };
		01660BDC2230D28200FD400A /* Base */ = {isa = PBXFileReference; lastKnownFileType = file.storyboard; name = Base; path = Base.lproj/LaunchScreen.storyboard; sourceTree = "<group>"; };
		01660BDE2230D28200FD400A /* Info.plist */ = {isa = PBXFileReference; lastKnownFileType = text.plist.xml; path = Info.plist; sourceTree = "<group>"; };
		01660BE32230D28200FD400A /* PandemicSolverTests.xctest */ = {isa = PBXFileReference; explicitFileType = wrapper.cfbundle; includeInIndex = 0; path = PandemicSolverTests.xctest; sourceTree = BUILT_PRODUCTS_DIR; };
		01660BE72230D28200FD400A /* PandemicSolverTests.swift */ = {isa = PBXFileReference; lastKnownFileType = sourcecode.swift; path = PandemicSolverTests.swift; sourceTree = "<group>"; };
		01660BE92230D28200FD400A /* Info.plist */ = {isa = PBXFileReference; lastKnownFileType = text.plist.xml; path = Info.plist; sourceTree = "<group>"; };
		01660BF32230D47200FD400A /* Card.swift */ = {isa = PBXFileReference; lastKnownFileType = sourcecode.swift; path = Card.swift; sourceTree = "<group>"; };
		01660BF52230D85200FD400A /* Decks.swift */ = {isa = PBXFileReference; lastKnownFileType = sourcecode.swift; path = Decks.swift; sourceTree = "<group>"; };
		01660BF72230E00E00FD400A /* GameBoard.swift */ = {isa = PBXFileReference; lastKnownFileType = sourcecode.swift; path = GameBoard.swift; sourceTree = "<group>"; };
		4E45E73E226A3D8C009D79BA /* TrainterTest.swift */ = {isa = PBXFileReference; lastKnownFileType = sourcecode.swift; path = TrainterTest.swift; sourceTree = "<group>"; };
		4EBD7D742258FB0500F0CFF0 /* UtilityFunction.swift */ = {isa = PBXFileReference; lastKnownFileType = sourcecode.swift; name = UtilityFunction.swift; path = MachineLearning/UtilityFunction.swift; sourceTree = SOURCE_ROOT; };
		4EBD7D762258FB3B00F0CFF0 /* WeightedUtilityFunction.swift */ = {isa = PBXFileReference; lastKnownFileType = sourcecode.swift; name = WeightedUtilityFunction.swift; path = MachineLearning/WeightedUtilityFunction.swift; sourceTree = SOURCE_ROOT; };
		4EBD7D78225903CA00F0CFF0 /* Simulation.swift */ = {isa = PBXFileReference; lastKnownFileType = sourcecode.swift; name = Simulation.swift; path = MachineLearning/Simulation.swift; sourceTree = SOURCE_ROOT; };
		4EBD7D7A2259166A00F0CFF0 /* SimulationsTests.swift */ = {isa = PBXFileReference; lastKnownFileType = sourcecode.swift; path = SimulationsTests.swift; sourceTree = "<group>"; };
		4EBD7D7E22592C5B00F0CFF0 /* Utility.swift */ = {isa = PBXFileReference; lastKnownFileType = sourcecode.swift; name = Utility.swift; path = MachineLearning/Utility.swift; sourceTree = SOURCE_ROOT; };
		ED0C03ED2252914B00B9C40C /* HandTests.swift */ = {isa = PBXFileReference; lastKnownFileType = sourcecode.swift; path = HandTests.swift; sourceTree = "<group>"; };
		ED0C03F12252BAF400B9C40C /* GameBoardTests.swift */ = {isa = PBXFileReference; lastKnownFileType = sourcecode.swift; path = GameBoardTests.swift; sourceTree = "<group>"; };
		ED15A33C225FDF58000E75E4 /* CurrentTurn.swift */ = {isa = PBXFileReference; lastKnownFileType = sourcecode.swift; path = CurrentTurn.swift; sourceTree = "<group>"; };
		ED15A33E225FE484000E75E4 /* CurrentPlayerTests.swift */ = {isa = PBXFileReference; lastKnownFileType = sourcecode.swift; path = CurrentPlayerTests.swift; sourceTree = "<group>"; };
		ED15A34022612953000E75E4 /* GameState.swift */ = {isa = PBXFileReference; lastKnownFileType = sourcecode.swift; path = GameState.swift; sourceTree = "<group>"; };
		ED20B25A226906200017512D /* BasicPlanner.swift */ = {isa = PBXFileReference; fileEncoding = 4; lastKnownFileType = sourcecode.swift; path = BasicPlanner.swift; sourceTree = "<group>"; };
		ED20B25B226906200017512D /* Planner.swift */ = {isa = PBXFileReference; fileEncoding = 4; lastKnownFileType = sourcecode.swift; path = Planner.swift; sourceTree = "<group>"; };
		ED20B25C226906200017512D /* PlanningSimulator.swift */ = {isa = PBXFileReference; fileEncoding = 4; lastKnownFileType = sourcecode.swift; path = PlanningSimulator.swift; sourceTree = "<group>"; };
		ED20B262226907790017512D /* Trainer.swift */ = {isa = PBXFileReference; lastKnownFileType = sourcecode.swift; path = Trainer.swift; sourceTree = "<group>"; };
		ED20B264226918010017512D /* LocationSearchHelper.swift */ = {isa = PBXFileReference; lastKnownFileType = sourcecode.swift; path = LocationSearchHelper.swift; sourceTree = "<group>"; };
		ED20B26622691C540017512D /* LocationSearchHelperTests.swift */ = {isa = PBXFileReference; lastKnownFileType = sourcecode.swift; path = LocationSearchHelperTests.swift; sourceTree = "<group>"; };
		ED3C827A224EEB1A006417FB /* DictionaryTests.swift */ = {isa = PBXFileReference; lastKnownFileType = sourcecode.swift; path = DictionaryTests.swift; sourceTree = "<group>"; };
		ED3C827C224FAEF0006417FB /* BoardLocationTests.swift */ = {isa = PBXFileReference; lastKnownFileType = sourcecode.swift; path = BoardLocationTests.swift; sourceTree = "<group>"; };
		ED3C827E224FBC1D006417FB /* BoardLocation.swift */ = {isa = PBXFileReference; lastKnownFileType = sourcecode.swift; path = BoardLocation.swift; sourceTree = "<group>"; };
		ED3D6320224E883B00F51DCF /* TestCubeCount.swift */ = {isa = PBXFileReference; lastKnownFileType = sourcecode.swift; path = TestCubeCount.swift; sourceTree = "<group>"; };
		ED51C89D2257E44C008C1E7D /* InfectionRate.swift */ = {isa = PBXFileReference; lastKnownFileType = sourcecode.swift; path = InfectionRate.swift; sourceTree = "<group>"; };
		ED51C89F2257E5A0008C1E7D /* InfectionRateTests.swift */ = {isa = PBXFileReference; lastKnownFileType = sourcecode.swift; path = InfectionRateTests.swift; sourceTree = "<group>"; };
		ED602832226BE1D5001B8948 /* MonteCarloPlanner.swift */ = {isa = PBXFileReference; fileEncoding = 4; lastKnownFileType = sourcecode.swift; name = MonteCarloPlanner.swift; path = PandemicSolver/plan/MonteCarloPlanner.swift; sourceTree = SOURCE_ROOT; };
		ED85B4FE224E5F3C0046A03E /* Pawn.swift */ = {isa = PBXFileReference; lastKnownFileType = sourcecode.swift; path = Pawn.swift; sourceTree = "<group>"; };
		ED9164F822543AAB0026AA6A /* DispatcherTransitionTests.swift */ = {isa = PBXFileReference; lastKnownFileType = sourcecode.swift; path = DispatcherTransitionTests.swift; sourceTree = "<group>"; };
		ED9EC1DE224D41AF009D9BD9 /* Policy.swift */ = {isa = PBXFileReference; lastKnownFileType = sourcecode.swift; path = Policy.swift; sourceTree = "<group>"; };
		ED9EC1E0224D5669009D9BD9 /* PartitionedDeckTests.swift */ = {isa = PBXFileReference; lastKnownFileType = sourcecode.swift; path = PartitionedDeckTests.swift; sourceTree = "<group>"; };
		ED9EC1E2224D9496009D9BD9 /* LocationGraph.swift */ = {isa = PBXFileReference; lastKnownFileType = sourcecode.swift; path = LocationGraph.swift; sourceTree = "<group>"; };
		ED9EC1E4224DBD65009D9BD9 /* LocationGraphTests.swift */ = {isa = PBXFileReference; lastKnownFileType = sourcecode.swift; path = LocationGraphTests.swift; sourceTree = "<group>"; };
		ED9EE0A622583531007FB6CE /* RegularTransitionTests.swift */ = {isa = PBXFileReference; lastKnownFileType = sourcecode.swift; path = RegularTransitionTests.swift; sourceTree = "<group>"; };
		ED9EE0A8225837CF007FB6CE /* Simulator.swift */ = {isa = PBXFileReference; lastKnownFileType = sourcecode.swift; path = Simulator.swift; sourceTree = "<group>"; };
		ED9EE0AA22587093007FB6CE /* CardRelatedTransitionTesting.swift */ = {isa = PBXFileReference; lastKnownFileType = sourcecode.swift; path = CardRelatedTransitionTesting.swift; sourceTree = "<group>"; };
		EDA4934D22357C2100BF77BF /* Action.swift */ = {isa = PBXFileReference; lastKnownFileType = sourcecode.swift; path = Action.swift; sourceTree = "<group>"; };
		EDAC5D962253245E008A0A2C /* GeneratingLegalMovesTessts.swift */ = {isa = PBXFileReference; lastKnownFileType = sourcecode.swift; path = GeneratingLegalMovesTessts.swift; sourceTree = "<group>"; };
		EDEAF57E224C1A3E007C2CC6 /* GameStartHelper.swift */ = {isa = PBXFileReference; lastKnownFileType = sourcecode.swift; path = GameStartHelper.swift; sourceTree = "<group>"; };
		EDEAF581224C1C5C007C2CC6 /* DictionaryExtension.swift */ = {isa = PBXFileReference; lastKnownFileType = sourcecode.swift; path = DictionaryExtension.swift; sourceTree = "<group>"; };
		EDEAF583224C250A007C2CC6 /* Diseases.swift */ = {isa = PBXFileReference; lastKnownFileType = sourcecode.swift; path = Diseases.swift; sourceTree = "<group>"; };
		EDEAF585224C5AAB007C2CC6 /* CubeDistribution.swift */ = {isa = PBXFileReference; lastKnownFileType = sourcecode.swift; path = CubeDistribution.swift; sourceTree = "<group>"; };
		EDEAF587224C5AD9007C2CC6 /* CubeDistributionTests.swift */ = {isa = PBXFileReference; lastKnownFileType = sourcecode.swift; path = CubeDistributionTests.swift; sourceTree = "<group>"; };
		EDEAF58D224C6630007C2CC6 /* City.swift */ = {isa = PBXFileReference; lastKnownFileType = sourcecode.swift; path = City.swift; sourceTree = "<group>"; };
		EDEAF58F224C665F007C2CC6 /* CityTest.swift */ = {isa = PBXFileReference; lastKnownFileType = sourcecode.swift; path = CityTest.swift; sourceTree = "<group>"; };
		EDEAF591224C671F007C2CC6 /* Disease.swift */ = {isa = PBXFileReference; lastKnownFileType = sourcecode.swift; path = Disease.swift; sourceTree = "<group>"; };
		EDEAF593224C6758007C2CC6 /* Hand.swift */ = {isa = PBXFileReference; lastKnownFileType = sourcecode.swift; path = Hand.swift; sourceTree = "<group>"; };
		EDEAF595224C6A6B007C2CC6 /* MutableCollectionExtensio.swift */ = {isa = PBXFileReference; lastKnownFileType = sourcecode.swift; path = MutableCollectionExtensio.swift; sourceTree = "<group>"; };
		EDEAF597224C7F7F007C2CC6 /* DeckTests.swift */ = {isa = PBXFileReference; lastKnownFileType = sourcecode.swift; path = DeckTests.swift; sourceTree = "<group>"; };
		EDEAF599224C8097007C2CC6 /* CardTests.swift */ = {isa = PBXFileReference; lastKnownFileType = sourcecode.swift; path = CardTests.swift; sourceTree = "<group>"; };
/* End PBXFileReference section */

/* Begin PBXFrameworksBuildPhase section */
		01660BCC2230D28100FD400A /* Frameworks */ = {
			isa = PBXFrameworksBuildPhase;
			buildActionMask = 2147483647;
			files = (
			);
			runOnlyForDeploymentPostprocessing = 0;
		};
		01660BE02230D28200FD400A /* Frameworks */ = {
			isa = PBXFrameworksBuildPhase;
			buildActionMask = 2147483647;
			files = (
			);
			runOnlyForDeploymentPostprocessing = 0;
		};
/* End PBXFrameworksBuildPhase section */

/* Begin PBXGroup section */
		01660BC62230D28100FD400A = {
			isa = PBXGroup;
			children = (
				01660BD12230D28100FD400A /* PandemicSolver */,
				01660BE62230D28200FD400A /* PandemicSolverTests */,
				01660BD02230D28100FD400A /* Products */,
			);
			sourceTree = "<group>";
		};
		01660BD02230D28100FD400A /* Products */ = {
			isa = PBXGroup;
			children = (
				01660BCF2230D28100FD400A /* PandemicSolver.app */,
				01660BE32230D28200FD400A /* PandemicSolverTests.xctest */,
			);
			name = Products;
			sourceTree = "<group>";
		};
		01660BD12230D28100FD400A /* PandemicSolver */ = {
			isa = PBXGroup;
			children = (
				4EBD7D732258FA5200F0CFF0 /* ML */,
				01660BD22230D28100FD400A /* AppDelegate.swift */,
				ED20B2612269076B0017512D /* training */,
				EDEAF58B224C65C5007C2CC6 /* Utilities */,
				01660BF22230D29400FD400A /* model */,
				01660BD42230D28100FD400A /* ViewController.swift */,
				ED20B2602269062A0017512D /* plan */,
				01660BD62230D28100FD400A /* Main.storyboard */,
				01660BD92230D28200FD400A /* Assets.xcassets */,
				01660BDB2230D28200FD400A /* LaunchScreen.storyboard */,
				01660BDE2230D28200FD400A /* Info.plist */,
			);
			path = PandemicSolver;
			sourceTree = "<group>";
		};
		01660BE62230D28200FD400A /* PandemicSolverTests */ = {
			isa = PBXGroup;
			children = (
				01660BE72230D28200FD400A /* PandemicSolverTests.swift */,
				EDEAF587224C5AD9007C2CC6 /* CubeDistributionTests.swift */,
				ED20B26622691C540017512D /* LocationSearchHelperTests.swift */,
				EDEAF58F224C665F007C2CC6 /* CityTest.swift */,
				EDEAF599224C8097007C2CC6 /* CardTests.swift */,
				EDEAF597224C7F7F007C2CC6 /* DeckTests.swift */,
				ED9EC1E0224D5669009D9BD9 /* PartitionedDeckTests.swift */,
				ED9EC1E4224DBD65009D9BD9 /* LocationGraphTests.swift */,
				ED3D6320224E883B00F51DCF /* TestCubeCount.swift */,
				ED3C827A224EEB1A006417FB /* DictionaryTests.swift */,
				ED3C827C224FAEF0006417FB /* BoardLocationTests.swift */,
				ED0C03ED2252914B00B9C40C /* HandTests.swift */,
				ED0C03F12252BAF400B9C40C /* GameBoardTests.swift */,
				EDAC5D962253245E008A0A2C /* GeneratingLegalMovesTessts.swift */,
				ED9164F822543AAB0026AA6A /* DispatcherTransitionTests.swift */,
				ED51C89F2257E5A0008C1E7D /* InfectionRateTests.swift */,
				01660BE92230D28200FD400A /* Info.plist */,
				ED9EE0A622583531007FB6CE /* RegularTransitionTests.swift */,
				ED9EE0AA22587093007FB6CE /* CardRelatedTransitionTesting.swift */,
				4EBD7D7A2259166A00F0CFF0 /* SimulationsTests.swift */,
				ED15A33E225FE484000E75E4 /* CurrentPlayerTests.swift */,
				4E45E73E226A3D8C009D79BA /* TrainterTest.swift */,
			);
			path = PandemicSolverTests;
			sourceTree = "<group>";
		};
		01660BF22230D29400FD400A /* model */ = {
			isa = PBXGroup;
			children = (
				01660BF32230D47200FD400A /* Card.swift */,
				ED9EE0A8225837CF007FB6CE /* Simulator.swift */,
				EDEAF591224C671F007C2CC6 /* Disease.swift */,
				EDEAF58D224C6630007C2CC6 /* City.swift */,
				01660BF52230D85200FD400A /* Decks.swift */,
				EDEAF593224C6758007C2CC6 /* Hand.swift */,
				01660BF72230E00E00FD400A /* GameBoard.swift */,
				ED15A34022612953000E75E4 /* GameState.swift */,
				ED3C827E224FBC1D006417FB /* BoardLocation.swift */,
				ED15A33C225FDF58000E75E4 /* CurrentTurn.swift */,
				ED9EC1E2224D9496009D9BD9 /* LocationGraph.swift */,
				ED9EC1DE224D41AF009D9BD9 /* Policy.swift */,
				ED85B4FE224E5F3C0046A03E /* Pawn.swift */,
				EDA4934D22357C2100BF77BF /* Action.swift */,
				ED51C89D2257E44C008C1E7D /* InfectionRate.swift */,
				EDEAF58C224C65E3007C2CC6 /* Helpers */,
				EDEAF583224C250A007C2CC6 /* Diseases.swift */,
				EDEAF58A224C61B7007C2CC6 /* Cubes */,
			);
			path = model;
			sourceTree = "<group>";
		};
		4EBD7D732258FA5200F0CFF0 /* ML */ = {
			isa = PBXGroup;
			children = (
				4EBD7D742258FB0500F0CFF0 /* UtilityFunction.swift */,
				4EBD7D7E22592C5B00F0CFF0 /* Utility.swift */,
				4EBD7D762258FB3B00F0CFF0 /* WeightedUtilityFunction.swift */,
				4EBD7D78225903CA00F0CFF0 /* Simulation.swift */,
			);
			name = ML;
			path = "New Group";
			sourceTree = "<group>";
		};
		ED20B2602269062A0017512D /* plan */ = {
			isa = PBXGroup;
			children = (
				ED20B25A226906200017512D /* BasicPlanner.swift */,
				ED602832226BE1D5001B8948 /* MonteCarloPlanner.swift */,
				ED20B25B226906200017512D /* Planner.swift */,
				ED20B25C226906200017512D /* PlanningSimulator.swift */,
			);
			path = plan;
			sourceTree = "<group>";
		};
		ED20B2612269076B0017512D /* training */ = {
			isa = PBXGroup;
			children = (
				ED20B262226907790017512D /* Trainer.swift */,
			);
			path = training;
			sourceTree = "<group>";
		};
		EDEAF58A224C61B7007C2CC6 /* Cubes */ = {
			isa = PBXGroup;
			children = (
				EDEAF585224C5AAB007C2CC6 /* CubeDistribution.swift */,
			);
			path = Cubes;
			sourceTree = "<group>";
		};
		EDEAF58B224C65C5007C2CC6 /* Utilities */ = {
			isa = PBXGroup;
			children = (
				EDEAF581224C1C5C007C2CC6 /* DictionaryExtension.swift */,
				EDEAF595224C6A6B007C2CC6 /* MutableCollectionExtensio.swift */,
			);
			path = Utilities;
			sourceTree = "<group>";
		};
		EDEAF58C224C65E3007C2CC6 /* Helpers */ = {
			isa = PBXGroup;
			children = (
				EDEAF57E224C1A3E007C2CC6 /* GameStartHelper.swift */,
				ED20B264226918010017512D /* LocationSearchHelper.swift */,
			);
			path = Helpers;
			sourceTree = "<group>";
		};
/* End PBXGroup section */

/* Begin PBXNativeTarget section */
		01660BCE2230D28100FD400A /* PandemicSolver */ = {
			isa = PBXNativeTarget;
			buildConfigurationList = 01660BEC2230D28200FD400A /* Build configuration list for PBXNativeTarget "PandemicSolver" */;
			buildPhases = (
				01660BCB2230D28100FD400A /* Sources */,
				01660BCC2230D28100FD400A /* Frameworks */,
				01660BCD2230D28100FD400A /* Resources */,
			);
			buildRules = (
			);
			dependencies = (
			);
			name = PandemicSolver;
			productName = PandemicSolver;
			productReference = 01660BCF2230D28100FD400A /* PandemicSolver.app */;
			productType = "com.apple.product-type.application";
		};
		01660BE22230D28200FD400A /* PandemicSolverTests */ = {
			isa = PBXNativeTarget;
			buildConfigurationList = 01660BEF2230D28200FD400A /* Build configuration list for PBXNativeTarget "PandemicSolverTests" */;
			buildPhases = (
				01660BDF2230D28200FD400A /* Sources */,
				01660BE02230D28200FD400A /* Frameworks */,
				01660BE12230D28200FD400A /* Resources */,
			);
			buildRules = (
			);
			dependencies = (
				01660BE52230D28200FD400A /* PBXTargetDependency */,
			);
			name = PandemicSolverTests;
			productName = PandemicSolverTests;
			productReference = 01660BE32230D28200FD400A /* PandemicSolverTests.xctest */;
			productType = "com.apple.product-type.bundle.unit-test";
		};
/* End PBXNativeTarget section */

/* Begin PBXProject section */
		01660BC72230D28100FD400A /* Project object */ = {
			isa = PBXProject;
			attributes = {
				LastSwiftUpdateCheck = 1010;
				LastUpgradeCheck = 1010;
				ORGANIZATIONNAME = "Nicholas Kaffine";
				TargetAttributes = {
					01660BCE2230D28100FD400A = {
						CreatedOnToolsVersion = 10.1;
					};
					01660BE22230D28200FD400A = {
						CreatedOnToolsVersion = 10.1;
						TestTargetID = 01660BCE2230D28100FD400A;
					};
				};
			};
			buildConfigurationList = 01660BCA2230D28100FD400A /* Build configuration list for PBXProject "PandemicSolver" */;
			compatibilityVersion = "Xcode 9.3";
			developmentRegion = en;
			hasScannedForEncodings = 0;
			knownRegions = (
				en,
				Base,
			);
			mainGroup = 01660BC62230D28100FD400A;
			productRefGroup = 01660BD02230D28100FD400A /* Products */;
			projectDirPath = "";
			projectRoot = "";
			targets = (
				01660BCE2230D28100FD400A /* PandemicSolver */,
				01660BE22230D28200FD400A /* PandemicSolverTests */,
			);
		};
/* End PBXProject section */

/* Begin PBXResourcesBuildPhase section */
		01660BCD2230D28100FD400A /* Resources */ = {
			isa = PBXResourcesBuildPhase;
			buildActionMask = 2147483647;
			files = (
				01660BDD2230D28200FD400A /* LaunchScreen.storyboard in Resources */,
				01660BDA2230D28200FD400A /* Assets.xcassets in Resources */,
				01660BD82230D28100FD400A /* Main.storyboard in Resources */,
			);
			runOnlyForDeploymentPostprocessing = 0;
		};
		01660BE12230D28200FD400A /* Resources */ = {
			isa = PBXResourcesBuildPhase;
			buildActionMask = 2147483647;
			files = (
			);
			runOnlyForDeploymentPostprocessing = 0;
		};
/* End PBXResourcesBuildPhase section */

/* Begin PBXSourcesBuildPhase section */
		01660BCB2230D28100FD400A /* Sources */ = {
			isa = PBXSourcesBuildPhase;
			buildActionMask = 2147483647;
			files = (
				ED20B25E226906200017512D /* Planner.swift in Sources */,
				EDEAF586224C5AAB007C2CC6 /* CubeDistribution.swift in Sources */,
				EDEAF584224C250A007C2CC6 /* Diseases.swift in Sources */,
				01660BF62230D85200FD400A /* Decks.swift in Sources */,
				EDEAF596224C6A6B007C2CC6 /* MutableCollectionExtensio.swift in Sources */,
				ED15A33D225FDF58000E75E4 /* CurrentTurn.swift in Sources */,
				ED20B265226918010017512D /* LocationSearchHelper.swift in Sources */,
				EDA4934E22357C2100BF77BF /* Action.swift in Sources */,
				ED3C827F224FBC1D006417FB /* BoardLocation.swift in Sources */,
				ED9EE0A9225837CF007FB6CE /* Simulator.swift in Sources */,
				ED20B263226907790017512D /* Trainer.swift in Sources */,
				EDEAF594224C6758007C2CC6 /* Hand.swift in Sources */,
				01660BD52230D28100FD400A /* ViewController.swift in Sources */,
				01660BF82230E00E00FD400A /* GameBoard.swift in Sources */,
				ED9EC1DF224D41AF009D9BD9 /* Policy.swift in Sources */,
				ED20B25F226906200017512D /* PlanningSimulator.swift in Sources */,
				ED9EC1E3224D9496009D9BD9 /* LocationGraph.swift in Sources */,
				ED51C89E2257E44C008C1E7D /* InfectionRate.swift in Sources */,
				4EBD7D772258FB3B00F0CFF0 /* WeightedUtilityFunction.swift in Sources */,
				EDEAF592224C671F007C2CC6 /* Disease.swift in Sources */,
				01660BD32230D28100FD400A /* AppDelegate.swift in Sources */,
				4EBD7D79225903CA00F0CFF0 /* Simulation.swift in Sources */,
				ED602833226BE1D6001B8948 /* MonteCarloPlanner.swift in Sources */,
				EDEAF58E224C6630007C2CC6 /* City.swift in Sources */,
				ED20B25D226906200017512D /* BasicPlanner.swift in Sources */,
				ED85B4FF224E5F3C0046A03E /* Pawn.swift in Sources */,
				01660BF42230D47200FD400A /* Card.swift in Sources */,
				4EBD7D7F22592C5B00F0CFF0 /* Utility.swift in Sources */,
				EDEAF57F224C1A3E007C2CC6 /* GameStartHelper.swift in Sources */,
				EDEAF582224C1C5C007C2CC6 /* DictionaryExtension.swift in Sources */,
				4EBD7D752258FB0500F0CFF0 /* UtilityFunction.swift in Sources */,
				ED15A34122612953000E75E4 /* GameState.swift in Sources */,
			);
			runOnlyForDeploymentPostprocessing = 0;
		};
		01660BDF2230D28200FD400A /* Sources */ = {
			isa = PBXSourcesBuildPhase;
			buildActionMask = 2147483647;
			files = (
				ED9EE0AB22587093007FB6CE /* CardRelatedTransitionTesting.swift in Sources */,
				EDEAF598224C7F7F007C2CC6 /* DeckTests.swift in Sources */,
				EDEAF588224C5AD9007C2CC6 /* CubeDistributionTests.swift in Sources */,
				ED9EC1E5224DBD65009D9BD9 /* LocationGraphTests.swift in Sources */,
				ED20B26722691C540017512D /* LocationSearchHelperTests.swift in Sources */,
				4EBD7D7B2259166A00F0CFF0 /* SimulationsTests.swift in Sources */,
				ED3C827D224FAEF0006417FB /* BoardLocationTests.swift in Sources */,
				ED9EC1E1224D5669009D9BD9 /* PartitionedDeckTests.swift in Sources */,
				ED0C03EE2252914B00B9C40C /* HandTests.swift in Sources */,
				EDEAF59A224C8097007C2CC6 /* CardTests.swift in Sources */,
				ED9EE0A722583531007FB6CE /* RegularTransitionTests.swift in Sources */,
				ED3C827B224EEB1A006417FB /* DictionaryTests.swift in Sources */,
				ED0C03F22252BAF400B9C40C /* GameBoardTests.swift in Sources */,
				EDAC5D972253245E008A0A2C /* GeneratingLegalMovesTessts.swift in Sources */,
				EDEAF590224C665F007C2CC6 /* CityTest.swift in Sources */,
				ED9164F922543AAB0026AA6A /* DispatcherTransitionTests.swift in Sources */,
				4E45E73F226A3D8C009D79BA /* TrainterTest.swift in Sources */,
				ED15A33F225FE484000E75E4 /* CurrentPlayerTests.swift in Sources */,
				ED51C8A02257E5A0008C1E7D /* InfectionRateTests.swift in Sources */,
				ED3D6321224E883B00F51DCF /* TestCubeCount.swift in Sources */,
				01660BE82230D28200FD400A /* PandemicSolverTests.swift in Sources */,
			);
			runOnlyForDeploymentPostprocessing = 0;
		};
/* End PBXSourcesBuildPhase section */

/* Begin PBXTargetDependency section */
		01660BE52230D28200FD400A /* PBXTargetDependency */ = {
			isa = PBXTargetDependency;
			target = 01660BCE2230D28100FD400A /* PandemicSolver */;
			targetProxy = 01660BE42230D28200FD400A /* PBXContainerItemProxy */;
		};
/* End PBXTargetDependency section */

/* Begin PBXVariantGroup section */
		01660BD62230D28100FD400A /* Main.storyboard */ = {
			isa = PBXVariantGroup;
			children = (
				01660BD72230D28100FD400A /* Base */,
			);
			name = Main.storyboard;
			sourceTree = "<group>";
		};
		01660BDB2230D28200FD400A /* LaunchScreen.storyboard */ = {
			isa = PBXVariantGroup;
			children = (
				01660BDC2230D28200FD400A /* Base */,
			);
			name = LaunchScreen.storyboard;
			sourceTree = "<group>";
		};
/* End PBXVariantGroup section */

/* Begin XCBuildConfiguration section */
		01660BEA2230D28200FD400A /* Debug */ = {
			isa = XCBuildConfiguration;
			buildSettings = {
				ALWAYS_SEARCH_USER_PATHS = NO;
				CLANG_ANALYZER_NONNULL = YES;
				CLANG_ANALYZER_NUMBER_OBJECT_CONVERSION = YES_AGGRESSIVE;
				CLANG_CXX_LANGUAGE_STANDARD = "gnu++14";
				CLANG_CXX_LIBRARY = "libc++";
				CLANG_ENABLE_MODULES = YES;
				CLANG_ENABLE_OBJC_ARC = YES;
				CLANG_ENABLE_OBJC_WEAK = YES;
				CLANG_WARN_BLOCK_CAPTURE_AUTORELEASING = YES;
				CLANG_WARN_BOOL_CONVERSION = YES;
				CLANG_WARN_COMMA = YES;
				CLANG_WARN_CONSTANT_CONVERSION = YES;
				CLANG_WARN_DEPRECATED_OBJC_IMPLEMENTATIONS = YES;
				CLANG_WARN_DIRECT_OBJC_ISA_USAGE = YES_ERROR;
				CLANG_WARN_DOCUMENTATION_COMMENTS = YES;
				CLANG_WARN_EMPTY_BODY = YES;
				CLANG_WARN_ENUM_CONVERSION = YES;
				CLANG_WARN_INFINITE_RECURSION = YES;
				CLANG_WARN_INT_CONVERSION = YES;
				CLANG_WARN_NON_LITERAL_NULL_CONVERSION = YES;
				CLANG_WARN_OBJC_IMPLICIT_RETAIN_SELF = YES;
				CLANG_WARN_OBJC_LITERAL_CONVERSION = YES;
				CLANG_WARN_OBJC_ROOT_CLASS = YES_ERROR;
				CLANG_WARN_RANGE_LOOP_ANALYSIS = YES;
				CLANG_WARN_STRICT_PROTOTYPES = YES;
				CLANG_WARN_SUSPICIOUS_MOVE = YES;
				CLANG_WARN_UNGUARDED_AVAILABILITY = YES_AGGRESSIVE;
				CLANG_WARN_UNREACHABLE_CODE = YES;
				CLANG_WARN__DUPLICATE_METHOD_MATCH = YES;
				CODE_SIGN_IDENTITY = "iPhone Developer";
				COPY_PHASE_STRIP = NO;
				DEBUG_INFORMATION_FORMAT = dwarf;
				ENABLE_STRICT_OBJC_MSGSEND = YES;
				ENABLE_TESTABILITY = YES;
				GCC_C_LANGUAGE_STANDARD = gnu11;
				GCC_DYNAMIC_NO_PIC = NO;
				GCC_NO_COMMON_BLOCKS = YES;
				GCC_OPTIMIZATION_LEVEL = 0;
				GCC_PREPROCESSOR_DEFINITIONS = (
					"DEBUG=1",
					"$(inherited)",
				);
				GCC_WARN_64_TO_32_BIT_CONVERSION = YES;
				GCC_WARN_ABOUT_RETURN_TYPE = YES_ERROR;
				GCC_WARN_UNDECLARED_SELECTOR = YES;
				GCC_WARN_UNINITIALIZED_AUTOS = YES_AGGRESSIVE;
				GCC_WARN_UNUSED_FUNCTION = YES;
				GCC_WARN_UNUSED_VARIABLE = YES;
				IPHONEOS_DEPLOYMENT_TARGET = 12.1;
				MTL_ENABLE_DEBUG_INFO = INCLUDE_SOURCE;
				MTL_FAST_MATH = YES;
				ONLY_ACTIVE_ARCH = YES;
				SDKROOT = iphoneos;
				SWIFT_ACTIVE_COMPILATION_CONDITIONS = DEBUG;
				SWIFT_OPTIMIZATION_LEVEL = "-Onone";
			};
			name = Debug;
		};
		01660BEB2230D28200FD400A /* Release */ = {
			isa = XCBuildConfiguration;
			buildSettings = {
				ALWAYS_SEARCH_USER_PATHS = NO;
				CLANG_ANALYZER_NONNULL = YES;
				CLANG_ANALYZER_NUMBER_OBJECT_CONVERSION = YES_AGGRESSIVE;
				CLANG_CXX_LANGUAGE_STANDARD = "gnu++14";
				CLANG_CXX_LIBRARY = "libc++";
				CLANG_ENABLE_MODULES = YES;
				CLANG_ENABLE_OBJC_ARC = YES;
				CLANG_ENABLE_OBJC_WEAK = YES;
				CLANG_WARN_BLOCK_CAPTURE_AUTORELEASING = YES;
				CLANG_WARN_BOOL_CONVERSION = YES;
				CLANG_WARN_COMMA = YES;
				CLANG_WARN_CONSTANT_CONVERSION = YES;
				CLANG_WARN_DEPRECATED_OBJC_IMPLEMENTATIONS = YES;
				CLANG_WARN_DIRECT_OBJC_ISA_USAGE = YES_ERROR;
				CLANG_WARN_DOCUMENTATION_COMMENTS = YES;
				CLANG_WARN_EMPTY_BODY = YES;
				CLANG_WARN_ENUM_CONVERSION = YES;
				CLANG_WARN_INFINITE_RECURSION = YES;
				CLANG_WARN_INT_CONVERSION = YES;
				CLANG_WARN_NON_LITERAL_NULL_CONVERSION = YES;
				CLANG_WARN_OBJC_IMPLICIT_RETAIN_SELF = YES;
				CLANG_WARN_OBJC_LITERAL_CONVERSION = YES;
				CLANG_WARN_OBJC_ROOT_CLASS = YES_ERROR;
				CLANG_WARN_RANGE_LOOP_ANALYSIS = YES;
				CLANG_WARN_STRICT_PROTOTYPES = YES;
				CLANG_WARN_SUSPICIOUS_MOVE = YES;
				CLANG_WARN_UNGUARDED_AVAILABILITY = YES_AGGRESSIVE;
				CLANG_WARN_UNREACHABLE_CODE = YES;
				CLANG_WARN__DUPLICATE_METHOD_MATCH = YES;
				CODE_SIGN_IDENTITY = "iPhone Developer";
				COPY_PHASE_STRIP = NO;
				DEBUG_INFORMATION_FORMAT = "dwarf-with-dsym";
				ENABLE_NS_ASSERTIONS = NO;
				ENABLE_STRICT_OBJC_MSGSEND = YES;
				GCC_C_LANGUAGE_STANDARD = gnu11;
				GCC_NO_COMMON_BLOCKS = YES;
				GCC_WARN_64_TO_32_BIT_CONVERSION = YES;
				GCC_WARN_ABOUT_RETURN_TYPE = YES_ERROR;
				GCC_WARN_UNDECLARED_SELECTOR = YES;
				GCC_WARN_UNINITIALIZED_AUTOS = YES_AGGRESSIVE;
				GCC_WARN_UNUSED_FUNCTION = YES;
				GCC_WARN_UNUSED_VARIABLE = YES;
				IPHONEOS_DEPLOYMENT_TARGET = 12.1;
				MTL_ENABLE_DEBUG_INFO = NO;
				MTL_FAST_MATH = YES;
				SDKROOT = iphoneos;
				SWIFT_COMPILATION_MODE = wholemodule;
				SWIFT_OPTIMIZATION_LEVEL = "-O";
				VALIDATE_PRODUCT = YES;
			};
			name = Release;
		};
		01660BED2230D28200FD400A /* Debug */ = {
			isa = XCBuildConfiguration;
			buildSettings = {
				ASSETCATALOG_COMPILER_APPICON_NAME = AppIcon;
				CODE_SIGN_STYLE = Automatic;
				DEVELOPMENT_TEAM = Z79WKDVVL3;
				INFOPLIST_FILE = PandemicSolver/Info.plist;
				LD_RUNPATH_SEARCH_PATHS = (
					"$(inherited)",
					"@executable_path/Frameworks",
				);
				PRODUCT_BUNDLE_IDENTIFIER = com.kaffine.nicholas.PandemicSolver;
				PRODUCT_NAME = "$(TARGET_NAME)";
				SWIFT_VERSION = 4.2;
				TARGETED_DEVICE_FAMILY = "1,2";
			};
			name = Debug;
		};
		01660BEE2230D28200FD400A /* Release */ = {
			isa = XCBuildConfiguration;
			buildSettings = {
				ASSETCATALOG_COMPILER_APPICON_NAME = AppIcon;
				CODE_SIGN_STYLE = Automatic;
				DEVELOPMENT_TEAM = Z79WKDVVL3;
				INFOPLIST_FILE = PandemicSolver/Info.plist;
				LD_RUNPATH_SEARCH_PATHS = (
					"$(inherited)",
					"@executable_path/Frameworks",
				);
				PRODUCT_BUNDLE_IDENTIFIER = com.kaffine.nicholas.PandemicSolver;
				PRODUCT_NAME = "$(TARGET_NAME)";
				SWIFT_VERSION = 4.2;
				TARGETED_DEVICE_FAMILY = "1,2";
			};
			name = Release;
		};
		01660BF02230D28200FD400A /* Debug */ = {
			isa = XCBuildConfiguration;
			buildSettings = {
				ALWAYS_EMBED_SWIFT_STANDARD_LIBRARIES = YES;
				BUNDLE_LOADER = "$(TEST_HOST)";
				CODE_SIGN_STYLE = Automatic;
				DEVELOPMENT_TEAM = Z79WKDVVL3;
				INFOPLIST_FILE = PandemicSolverTests/Info.plist;
				LD_RUNPATH_SEARCH_PATHS = (
					"$(inherited)",
					"@executable_path/Frameworks",
					"@loader_path/Frameworks",
				);
				PRODUCT_BUNDLE_IDENTIFIER = com.kaffine.nicholas.PandemicSolverTests;
				PRODUCT_NAME = "$(TARGET_NAME)";
				SWIFT_VERSION = 4.2;
				TARGETED_DEVICE_FAMILY = "1,2";
				TEST_HOST = "$(BUILT_PRODUCTS_DIR)/PandemicSolver.app/PandemicSolver";
			};
			name = Debug;
		};
		01660BF12230D28200FD400A /* Release */ = {
			isa = XCBuildConfiguration;
			buildSettings = {
				ALWAYS_EMBED_SWIFT_STANDARD_LIBRARIES = YES;
				BUNDLE_LOADER = "$(TEST_HOST)";
				CODE_SIGN_STYLE = Automatic;
				DEVELOPMENT_TEAM = Z79WKDVVL3;
				INFOPLIST_FILE = PandemicSolverTests/Info.plist;
				LD_RUNPATH_SEARCH_PATHS = (
					"$(inherited)",
					"@executable_path/Frameworks",
					"@loader_path/Frameworks",
				);
				PRODUCT_BUNDLE_IDENTIFIER = com.kaffine.nicholas.PandemicSolverTests;
				PRODUCT_NAME = "$(TARGET_NAME)";
				SWIFT_VERSION = 4.2;
				TARGETED_DEVICE_FAMILY = "1,2";
				TEST_HOST = "$(BUILT_PRODUCTS_DIR)/PandemicSolver.app/PandemicSolver";
			};
			name = Release;
		};
/* End XCBuildConfiguration section */

/* Begin XCConfigurationList section */
		01660BCA2230D28100FD400A /* Build configuration list for PBXProject "PandemicSolver" */ = {
			isa = XCConfigurationList;
			buildConfigurations = (
				01660BEA2230D28200FD400A /* Debug */,
				01660BEB2230D28200FD400A /* Release */,
			);
			defaultConfigurationIsVisible = 0;
			defaultConfigurationName = Release;
		};
		01660BEC2230D28200FD400A /* Build configuration list for PBXNativeTarget "PandemicSolver" */ = {
			isa = XCConfigurationList;
			buildConfigurations = (
				01660BED2230D28200FD400A /* Debug */,
				01660BEE2230D28200FD400A /* Release */,
			);
			defaultConfigurationIsVisible = 0;
			defaultConfigurationName = Release;
		};
		01660BEF2230D28200FD400A /* Build configuration list for PBXNativeTarget "PandemicSolverTests" */ = {
			isa = XCConfigurationList;
			buildConfigurations = (
				01660BF02230D28200FD400A /* Debug */,
				01660BF12230D28200FD400A /* Release */,
			);
			defaultConfigurationIsVisible = 0;
			defaultConfigurationName = Release;
		};
/* End XCConfigurationList section */
	};
	rootObject = 01660BC72230D28100FD400A /* Project object */;
}
